
Microsoft Visual Studio Solution File, Format Version 12.00
# Visual Studio Version 17
VisualStudioVersion = 17.8.34525.116
MinimumVisualStudioVersion = 10.0.40219.1
Project("{888888A0-9F3D-457C-B088-3A5042F75D52}") = "PythonTutorial", "PythonTutorial.pyproj", "{6A18A9CC-73C4-401D-AA2C-D8139B686E99}"
EndProject
Global
	GlobalSection(SolutionConfigurationPlatforms) = preSolution
		Debug|Any CPU = Debug|Any CPU
		Release|Any CPU = Release|Any CPU
	EndGlobalSection
	GlobalSection(ProjectConfigurationPlatforms) = postSolution
		{6A18A9CC-73C4-401D-AA2C-D8139B686E99}.Debug|Any CPU.ActiveCfg = Debug|Any CPU
		{6A18A9CC-73C4-401D-AA2C-D8139B686E99}.Release|Any CPU.ActiveCfg = Release|Any CPU
	EndGlobalSection
	GlobalSection(SolutionProperties) = preSolution
		HideSolutionNode = FALSE
	EndGlobalSection
	GlobalSection(ExtensibilityGlobals) = postSolution
		SolutionGuid = {7839E7E6-FEC8-428F-90F4-54630A47ECD6}
	EndGlobalSection
EndGlobal
